// !$*UTF8*$!
{
	archiveVersion = 1;
	classes = {
	};
	objectVersion = 51;
	objects = {

/* Begin PBXBuildFile section */
		2BCD2AFA25EE90F60076B910 /* JumioSwiftUIApp.swift in Sources */ = {isa = PBXBuildFile; fileRef = 2BCD2AF925EE90F60076B910 /* JumioSwiftUIApp.swift */; };
		2BCD2AFC25EE90F60076B910 /* ContentView.swift in Sources */ = {isa = PBXBuildFile; fileRef = 2BCD2AFB25EE90F60076B910 /* ContentView.swift */; };
		2BCD2AFE25EE90F90076B910 /* Assets.xcassets in Resources */ = {isa = PBXBuildFile; fileRef = 2BCD2AFD25EE90F90076B910 /* Assets.xcassets */; };
		2BCD2B0125EE90F90076B910 /* Preview Assets.xcassets in Resources */ = {isa = PBXBuildFile; fileRef = 2BCD2B0025EE90F90076B910 /* Preview Assets.xcassets */; };
		2BCD2B0C25EE90F90076B910 /* JumioSwiftUITests.swift in Sources */ = {isa = PBXBuildFile; fileRef = 2BCD2B0B25EE90F90076B910 /* JumioSwiftUITests.swift */; };
		2BCD2B1725EE90F90076B910 /* JumioSwiftUIUITests.swift in Sources */ = {isa = PBXBuildFile; fileRef = 2BCD2B1625EE90F90076B910 /* JumioSwiftUIUITests.swift */; };
		2BCD2B2825EE91360076B910 /* JumioManager.swift in Sources */ = {isa = PBXBuildFile; fileRef = 2BCD2B2725EE91360076B910 /* JumioManager.swift */; };
		2BCD2B3B25EE92440076B910 /* NetverifyView.swift in Sources */ = {isa = PBXBuildFile; fileRef = 2BCD2B3A25EE92440076B910 /* NetverifyView.swift */; };
		2BCD2B4725EE949A0076B910 /* Localizable-Netverify.strings in Resources */ = {isa = PBXBuildFile; fileRef = 2BCD2B4925EE949A0076B910 /* Localizable-Netverify.strings */; };
		61E862F47CE1C8AC698DEEDE /* Pods_JumioSwiftUI_JumioSwiftUIUITests.framework in Frameworks */ = {isa = PBXBuildFile; fileRef = A97817FB0BF47796B86FDC40 /* Pods_JumioSwiftUI_JumioSwiftUIUITests.framework */; };
		B093FAB66B2A0D3163DB8958 /* Pods_JumioSwiftUI.framework in Frameworks */ = {isa = PBXBuildFile; fileRef = FD807FC0D86C958DC779853D /* Pods_JumioSwiftUI.framework */; };
		DBD177F3E6E5787A463C93A0 /* Pods_JumioSwiftUITests.framework in Frameworks */ = {isa = PBXBuildFile; fileRef = 027861D577CE1E201A2AA2FB /* Pods_JumioSwiftUITests.framework */; };
/* End PBXBuildFile section */

/* Begin PBXContainerItemProxy section */
		2BCD2B0825EE90F90076B910 /* PBXContainerItemProxy */ = {
			isa = PBXContainerItemProxy;
			containerPortal = 2BCD2AEE25EE90F60076B910 /* Project object */;
			proxyType = 1;
			remoteGlobalIDString = 2BCD2AF525EE90F60076B910;
			remoteInfo = JumioSwiftUI;
		};
		2BCD2B1325EE90F90076B910 /* PBXContainerItemProxy */ = {
			isa = PBXContainerItemProxy;
			containerPortal = 2BCD2AEE25EE90F60076B910 /* Project object */;
			proxyType = 1;
			remoteGlobalIDString = 2BCD2AF525EE90F60076B910;
			remoteInfo = JumioSwiftUI;
		};
/* End PBXContainerItemProxy section */

/* Begin PBXFileReference section */
		027861D577CE1E201A2AA2FB /* Pods_JumioSwiftUITests.framework */ = {isa = PBXFileReference; explicitFileType = wrapper.framework; includeInIndex = 0; path = Pods_JumioSwiftUITests.framework; sourceTree = BUILT_PRODUCTS_DIR; };
		2BCD2AF625EE90F60076B910 /* JumioSwiftUI.app */ = {isa = PBXFileReference; explicitFileType = wrapper.application; includeInIndex = 0; path = JumioSwiftUI.app; sourceTree = BUILT_PRODUCTS_DIR; };
		2BCD2AF925EE90F60076B910 /* JumioSwiftUIApp.swift */ = {isa = PBXFileReference; lastKnownFileType = sourcecode.swift; path = JumioSwiftUIApp.swift; sourceTree = "<group>"; };
		2BCD2AFB25EE90F60076B910 /* ContentView.swift */ = {isa = PBXFileReference; lastKnownFileType = sourcecode.swift; path = ContentView.swift; sourceTree = "<group>"; };
		2BCD2AFD25EE90F90076B910 /* Assets.xcassets */ = {isa = PBXFileReference; lastKnownFileType = folder.assetcatalog; path = Assets.xcassets; sourceTree = "<group>"; };
		2BCD2B0025EE90F90076B910 /* Preview Assets.xcassets */ = {isa = PBXFileReference; lastKnownFileType = folder.assetcatalog; path = "Preview Assets.xcassets"; sourceTree = "<group>"; };
		2BCD2B0225EE90F90076B910 /* Info.plist */ = {isa = PBXFileReference; lastKnownFileType = text.plist.xml; path = Info.plist; sourceTree = "<group>"; };
		2BCD2B0725EE90F90076B910 /* JumioSwiftUITests.xctest */ = {isa = PBXFileReference; explicitFileType = wrapper.cfbundle; includeInIndex = 0; path = JumioSwiftUITests.xctest; sourceTree = BUILT_PRODUCTS_DIR; };
		2BCD2B0B25EE90F90076B910 /* JumioSwiftUITests.swift */ = {isa = PBXFileReference; lastKnownFileType = sourcecode.swift; path = JumioSwiftUITests.swift; sourceTree = "<group>"; };
		2BCD2B0D25EE90F90076B910 /* Info.plist */ = {isa = PBXFileReference; lastKnownFileType = text.plist.xml; path = Info.plist; sourceTree = "<group>"; };
		2BCD2B1225EE90F90076B910 /* JumioSwiftUIUITests.xctest */ = {isa = PBXFileReference; explicitFileType = wrapper.cfbundle; includeInIndex = 0; path = JumioSwiftUIUITests.xctest; sourceTree = BUILT_PRODUCTS_DIR; };
		2BCD2B1625EE90F90076B910 /* JumioSwiftUIUITests.swift */ = {isa = PBXFileReference; lastKnownFileType = sourcecode.swift; path = JumioSwiftUIUITests.swift; sourceTree = "<group>"; };
		2BCD2B1825EE90F90076B910 /* Info.plist */ = {isa = PBXFileReference; lastKnownFileType = text.plist.xml; path = Info.plist; sourceTree = "<group>"; };
		2BCD2B2725EE91360076B910 /* JumioManager.swift */ = {isa = PBXFileReference; lastKnownFileType = sourcecode.swift; path = JumioManager.swift; sourceTree = "<group>"; };
		2BCD2B3A25EE92440076B910 /* NetverifyView.swift */ = {isa = PBXFileReference; lastKnownFileType = sourcecode.swift; path = NetverifyView.swift; sourceTree = "<group>"; };
		2BCD2B4825EE949A0076B910 /* en */ = {isa = PBXFileReference; lastKnownFileType = text.plist.strings; name = en; path = "en.lproj/Localizable-Netverify.strings"; sourceTree = "<group>"; };
		76418EFFC3EFDE001861518C /* Pods-JumioSwiftUI.release.xcconfig */ = {isa = PBXFileReference; includeInIndex = 1; lastKnownFileType = text.xcconfig; name = "Pods-JumioSwiftUI.release.xcconfig"; path = "Target Support Files/Pods-JumioSwiftUI/Pods-JumioSwiftUI.release.xcconfig"; sourceTree = "<group>"; };
		98F04C9590F5C5C7FCE3413F /* Pods-JumioSwiftUITests.debug.xcconfig */ = {isa = PBXFileReference; includeInIndex = 1; lastKnownFileType = text.xcconfig; name = "Pods-JumioSwiftUITests.debug.xcconfig"; path = "Target Support Files/Pods-JumioSwiftUITests/Pods-JumioSwiftUITests.debug.xcconfig"; sourceTree = "<group>"; };
		A97817FB0BF47796B86FDC40 /* Pods_JumioSwiftUI_JumioSwiftUIUITests.framework */ = {isa = PBXFileReference; explicitFileType = wrapper.framework; includeInIndex = 0; path = Pods_JumioSwiftUI_JumioSwiftUIUITests.framework; sourceTree = BUILT_PRODUCTS_DIR; };
		B6281510698F0EA1B5860DDE /* Pods-JumioSwiftUI-JumioSwiftUIUITests.debug.xcconfig */ = {isa = PBXFileReference; includeInIndex = 1; lastKnownFileType = text.xcconfig; name = "Pods-JumioSwiftUI-JumioSwiftUIUITests.debug.xcconfig"; path = "Target Support Files/Pods-JumioSwiftUI-JumioSwiftUIUITests/Pods-JumioSwiftUI-JumioSwiftUIUITests.debug.xcconfig"; sourceTree = "<group>"; };
		CBC43EA06605F179023488B7 /* Pods-JumioSwiftUI-JumioSwiftUIUITests.release.xcconfig */ = {isa = PBXFileReference; includeInIndex = 1; lastKnownFileType = text.xcconfig; name = "Pods-JumioSwiftUI-JumioSwiftUIUITests.release.xcconfig"; path = "Target Support Files/Pods-JumioSwiftUI-JumioSwiftUIUITests/Pods-JumioSwiftUI-JumioSwiftUIUITests.release.xcconfig"; sourceTree = "<group>"; };
		E5FBAE1843537DD2222017B8 /* Pods-JumioSwiftUI.debug.xcconfig */ = {isa = PBXFileReference; includeInIndex = 1; lastKnownFileType = text.xcconfig; name = "Pods-JumioSwiftUI.debug.xcconfig"; path = "Target Support Files/Pods-JumioSwiftUI/Pods-JumioSwiftUI.debug.xcconfig"; sourceTree = "<group>"; };
		EE76F97F12E0C9FC83A00BE3 /* Pods-JumioSwiftUITests.release.xcconfig */ = {isa = PBXFileReference; includeInIndex = 1; lastKnownFileType = text.xcconfig; name = "Pods-JumioSwiftUITests.release.xcconfig"; path = "Target Support Files/Pods-JumioSwiftUITests/Pods-JumioSwiftUITests.release.xcconfig"; sourceTree = "<group>"; };
		FD807FC0D86C958DC779853D /* Pods_JumioSwiftUI.framework */ = {isa = PBXFileReference; explicitFileType = wrapper.framework; includeInIndex = 0; path = Pods_JumioSwiftUI.framework; sourceTree = BUILT_PRODUCTS_DIR; };
/* End PBXFileReference section */

/* Begin PBXFrameworksBuildPhase section */
		2BCD2AF325EE90F60076B910 /* Frameworks */ = {
			isa = PBXFrameworksBuildPhase;
			buildActionMask = 2147483647;
			files = (
				B093FAB66B2A0D3163DB8958 /* Pods_JumioSwiftUI.framework in Frameworks */,
			);
			runOnlyForDeploymentPostprocessing = 0;
		};
		2BCD2B0425EE90F90076B910 /* Frameworks */ = {
			isa = PBXFrameworksBuildPhase;
			buildActionMask = 2147483647;
			files = (
				DBD177F3E6E5787A463C93A0 /* Pods_JumioSwiftUITests.framework in Frameworks */,
			);
			runOnlyForDeploymentPostprocessing = 0;
		};
		2BCD2B0F25EE90F90076B910 /* Frameworks */ = {
			isa = PBXFrameworksBuildPhase;
			buildActionMask = 2147483647;
			files = (
				61E862F47CE1C8AC698DEEDE /* Pods_JumioSwiftUI_JumioSwiftUIUITests.framework in Frameworks */,
			);
			runOnlyForDeploymentPostprocessing = 0;
		};
/* End PBXFrameworksBuildPhase section */

/* Begin PBXGroup section */
		117C25410C033879FB83C838 /* Pods */ = {
			isa = PBXGroup;
			children = (
				E5FBAE1843537DD2222017B8 /* Pods-JumioSwiftUI.debug.xcconfig */,
				76418EFFC3EFDE001861518C /* Pods-JumioSwiftUI.release.xcconfig */,
				B6281510698F0EA1B5860DDE /* Pods-JumioSwiftUI-JumioSwiftUIUITests.debug.xcconfig */,
				CBC43EA06605F179023488B7 /* Pods-JumioSwiftUI-JumioSwiftUIUITests.release.xcconfig */,
				98F04C9590F5C5C7FCE3413F /* Pods-JumioSwiftUITests.debug.xcconfig */,
				EE76F97F12E0C9FC83A00BE3 /* Pods-JumioSwiftUITests.release.xcconfig */,
			);
			path = Pods;
			sourceTree = "<group>";
		};
		2BCD2AED25EE90F60076B910 = {
			isa = PBXGroup;
			children = (
				2BCD2B4925EE949A0076B910 /* Localizable-Netverify.strings */,
				2BCD2AF825EE90F60076B910 /* JumioSwiftUI */,
				2BCD2B0A25EE90F90076B910 /* JumioSwiftUITests */,
				2BCD2B1525EE90F90076B910 /* JumioSwiftUIUITests */,
				2BCD2AF725EE90F60076B910 /* Products */,
				117C25410C033879FB83C838 /* Pods */,
				7A6DA07189E5BC2620272FEA /* Frameworks */,
			);
			sourceTree = "<group>";
		};
		2BCD2AF725EE90F60076B910 /* Products */ = {
			isa = PBXGroup;
			children = (
				2BCD2AF625EE90F60076B910 /* JumioSwiftUI.app */,
				2BCD2B0725EE90F90076B910 /* JumioSwiftUITests.xctest */,
				2BCD2B1225EE90F90076B910 /* JumioSwiftUIUITests.xctest */,
			);
			name = Products;
			sourceTree = "<group>";
		};
		2BCD2AF825EE90F60076B910 /* JumioSwiftUI */ = {
			isa = PBXGroup;
			children = (
				2BCD2AF925EE90F60076B910 /* JumioSwiftUIApp.swift */,
				2BCD2AFB25EE90F60076B910 /* ContentView.swift */,
				2BCD2AFD25EE90F90076B910 /* Assets.xcassets */,
				2BCD2B0225EE90F90076B910 /* Info.plist */,
				2BCD2AFF25EE90F90076B910 /* Preview Content */,
				2BCD2B2725EE91360076B910 /* JumioManager.swift */,
				2BCD2B3A25EE92440076B910 /* NetverifyView.swift */,
			);
			path = JumioSwiftUI;
			sourceTree = "<group>";
		};
		2BCD2AFF25EE90F90076B910 /* Preview Content */ = {
			isa = PBXGroup;
			children = (
				2BCD2B0025EE90F90076B910 /* Preview Assets.xcassets */,
			);
			path = "Preview Content";
			sourceTree = "<group>";
		};
		2BCD2B0A25EE90F90076B910 /* JumioSwiftUITests */ = {
			isa = PBXGroup;
			children = (
				2BCD2B0B25EE90F90076B910 /* JumioSwiftUITests.swift */,
				2BCD2B0D25EE90F90076B910 /* Info.plist */,
			);
			path = JumioSwiftUITests;
			sourceTree = "<group>";
		};
		2BCD2B1525EE90F90076B910 /* JumioSwiftUIUITests */ = {
			isa = PBXGroup;
			children = (
				2BCD2B1625EE90F90076B910 /* JumioSwiftUIUITests.swift */,
				2BCD2B1825EE90F90076B910 /* Info.plist */,
			);
			path = JumioSwiftUIUITests;
			sourceTree = "<group>";
		};
		7A6DA07189E5BC2620272FEA /* Frameworks */ = {
			isa = PBXGroup;
			children = (
				FD807FC0D86C958DC779853D /* Pods_JumioSwiftUI.framework */,
				A97817FB0BF47796B86FDC40 /* Pods_JumioSwiftUI_JumioSwiftUIUITests.framework */,
				027861D577CE1E201A2AA2FB /* Pods_JumioSwiftUITests.framework */,
			);
			name = Frameworks;
			sourceTree = "<group>";
		};
/* End PBXGroup section */

/* Begin PBXNativeTarget section */
		2BCD2AF525EE90F60076B910 /* JumioSwiftUI */ = {
			isa = PBXNativeTarget;
			buildConfigurationList = 2BCD2B1B25EE90F90076B910 /* Build configuration list for PBXNativeTarget "JumioSwiftUI" */;
			buildPhases = (
				266B9A9637382837DA761001 /* [CP] Check Pods Manifest.lock */,
				2BCD2AF225EE90F60076B910 /* Sources */,
				2BCD2AF325EE90F60076B910 /* Frameworks */,
				2BCD2AF425EE90F60076B910 /* Resources */,
				F1CBF093AA49650BBFB737E5 /* [CP] Embed Pods Frameworks */,
			);
			buildRules = (
			);
			dependencies = (
			);
			name = JumioSwiftUI;
			productName = JumioSwiftUI;
			productReference = 2BCD2AF625EE90F60076B910 /* JumioSwiftUI.app */;
			productType = "com.apple.product-type.application";
		};
		2BCD2B0625EE90F90076B910 /* JumioSwiftUITests */ = {
			isa = PBXNativeTarget;
			buildConfigurationList = 2BCD2B1E25EE90F90076B910 /* Build configuration list for PBXNativeTarget "JumioSwiftUITests" */;
			buildPhases = (
				ACAF0FF0BA073D87046295D3 /* [CP] Check Pods Manifest.lock */,
				2BCD2B0325EE90F90076B910 /* Sources */,
				2BCD2B0425EE90F90076B910 /* Frameworks */,
				2BCD2B0525EE90F90076B910 /* Resources */,
			);
			buildRules = (
			);
			dependencies = (
				2BCD2B0925EE90F90076B910 /* PBXTargetDependency */,
			);
			name = JumioSwiftUITests;
			productName = JumioSwiftUITests;
			productReference = 2BCD2B0725EE90F90076B910 /* JumioSwiftUITests.xctest */;
			productType = "com.apple.product-type.bundle.unit-test";
		};
		2BCD2B1125EE90F90076B910 /* JumioSwiftUIUITests */ = {
			isa = PBXNativeTarget;
			buildConfigurationList = 2BCD2B2125EE90F90076B910 /* Build configuration list for PBXNativeTarget "JumioSwiftUIUITests" */;
			buildPhases = (
				AB36531C7634F6E4D2F5EB08 /* [CP] Check Pods Manifest.lock */,
				2BCD2B0E25EE90F90076B910 /* Sources */,
				2BCD2B0F25EE90F90076B910 /* Frameworks */,
				2BCD2B1025EE90F90076B910 /* Resources */,
				F0C3E2B3F33A0D45FD4BDADD /* [CP] Embed Pods Frameworks */,
			);
			buildRules = (
			);
			dependencies = (
				2BCD2B1425EE90F90076B910 /* PBXTargetDependency */,
			);
			name = JumioSwiftUIUITests;
			productName = JumioSwiftUIUITests;
			productReference = 2BCD2B1225EE90F90076B910 /* JumioSwiftUIUITests.xctest */;
			productType = "com.apple.product-type.bundle.ui-testing";
		};
/* End PBXNativeTarget section */

/* Begin PBXProject section */
		2BCD2AEE25EE90F60076B910 /* Project object */ = {
			isa = PBXProject;
			attributes = {
				LastSwiftUpdateCheck = 1240;
				LastUpgradeCheck = 1240;
				TargetAttributes = {
					2BCD2AF525EE90F60076B910 = {
						CreatedOnToolsVersion = 12.4;
					};
					2BCD2B0625EE90F90076B910 = {
						CreatedOnToolsVersion = 12.4;
						TestTargetID = 2BCD2AF525EE90F60076B910;
					};
					2BCD2B1125EE90F90076B910 = {
						CreatedOnToolsVersion = 12.4;
						TestTargetID = 2BCD2AF525EE90F60076B910;
					};
				};
			};
			buildConfigurationList = 2BCD2AF125EE90F60076B910 /* Build configuration list for PBXProject "JumioSwiftUI" */;
			compatibilityVersion = "Xcode 9.3";
			developmentRegion = en;
			hasScannedForEncodings = 0;
			knownRegions = (
				en,
				Base,
			);
			mainGroup = 2BCD2AED25EE90F60076B910;
			productRefGroup = 2BCD2AF725EE90F60076B910 /* Products */;
			projectDirPath = "";
			projectRoot = "";
			targets = (
				2BCD2AF525EE90F60076B910 /* JumioSwiftUI */,
				2BCD2B0625EE90F90076B910 /* JumioSwiftUITests */,
				2BCD2B1125EE90F90076B910 /* JumioSwiftUIUITests */,
			);
		};
/* End PBXProject section */

/* Begin PBXResourcesBuildPhase section */
		2BCD2AF425EE90F60076B910 /* Resources */ = {
			isa = PBXResourcesBuildPhase;
			buildActionMask = 2147483647;
			files = (
				2BCD2B0125EE90F90076B910 /* Preview Assets.xcassets in Resources */,
				2BCD2B4725EE949A0076B910 /* Localizable-Netverify.strings in Resources */,
				2BCD2AFE25EE90F90076B910 /* Assets.xcassets in Resources */,
			);
			runOnlyForDeploymentPostprocessing = 0;
		};
		2BCD2B0525EE90F90076B910 /* Resources */ = {
			isa = PBXResourcesBuildPhase;
			buildActionMask = 2147483647;
			files = (
			);
			runOnlyForDeploymentPostprocessing = 0;
		};
		2BCD2B1025EE90F90076B910 /* Resources */ = {
			isa = PBXResourcesBuildPhase;
			buildActionMask = 2147483647;
			files = (
			);
			runOnlyForDeploymentPostprocessing = 0;
		};
/* End PBXResourcesBuildPhase section */

/* Begin PBXShellScriptBuildPhase section */
		266B9A9637382837DA761001 /* [CP] Check Pods Manifest.lock */ = {
			isa = PBXShellScriptBuildPhase;
			buildActionMask = 2147483647;
			files = (
			);
			inputFileListPaths = (
			);
			inputPaths = (
				"${PODS_PODFILE_DIR_PATH}/Podfile.lock",
				"${PODS_ROOT}/Manifest.lock",
			);
			name = "[CP] Check Pods Manifest.lock";
			outputFileListPaths = (
			);
			outputPaths = (
				"$(DERIVED_FILE_DIR)/Pods-JumioSwiftUI-checkManifestLockResult.txt",
			);
			runOnlyForDeploymentPostprocessing = 0;
			shellPath = /bin/sh;
			shellScript = "diff \"${PODS_PODFILE_DIR_PATH}/Podfile.lock\" \"${PODS_ROOT}/Manifest.lock\" > /dev/null\nif [ $? != 0 ] ; then\n    # print error to STDERR\n    echo \"error: The sandbox is not in sync with the Podfile.lock. Run 'pod install' or update your CocoaPods installation.\" >&2\n    exit 1\nfi\n# This output is used by Xcode 'outputs' to avoid re-running this script phase.\necho \"SUCCESS\" > \"${SCRIPT_OUTPUT_FILE_0}\"\n";
			showEnvVarsInLog = 0;
		};
		AB36531C7634F6E4D2F5EB08 /* [CP] Check Pods Manifest.lock */ = {
			isa = PBXShellScriptBuildPhase;
			buildActionMask = 2147483647;
			files = (
			);
			inputFileListPaths = (
			);
			inputPaths = (
				"${PODS_PODFILE_DIR_PATH}/Podfile.lock",
				"${PODS_ROOT}/Manifest.lock",
			);
			name = "[CP] Check Pods Manifest.lock";
			outputFileListPaths = (
			);
			outputPaths = (
				"$(DERIVED_FILE_DIR)/Pods-JumioSwiftUI-JumioSwiftUIUITests-checkManifestLockResult.txt",
			);
			runOnlyForDeploymentPostprocessing = 0;
			shellPath = /bin/sh;
			shellScript = "diff \"${PODS_PODFILE_DIR_PATH}/Podfile.lock\" \"${PODS_ROOT}/Manifest.lock\" > /dev/null\nif [ $? != 0 ] ; then\n    # print error to STDERR\n    echo \"error: The sandbox is not in sync with the Podfile.lock. Run 'pod install' or update your CocoaPods installation.\" >&2\n    exit 1\nfi\n# This output is used by Xcode 'outputs' to avoid re-running this script phase.\necho \"SUCCESS\" > \"${SCRIPT_OUTPUT_FILE_0}\"\n";
			showEnvVarsInLog = 0;
		};
		ACAF0FF0BA073D87046295D3 /* [CP] Check Pods Manifest.lock */ = {
			isa = PBXShellScriptBuildPhase;
			buildActionMask = 2147483647;
			files = (
			);
			inputFileListPaths = (
			);
			inputPaths = (
				"${PODS_PODFILE_DIR_PATH}/Podfile.lock",
				"${PODS_ROOT}/Manifest.lock",
			);
			name = "[CP] Check Pods Manifest.lock";
			outputFileListPaths = (
			);
			outputPaths = (
				"$(DERIVED_FILE_DIR)/Pods-JumioSwiftUITests-checkManifestLockResult.txt",
			);
			runOnlyForDeploymentPostprocessing = 0;
			shellPath = /bin/sh;
			shellScript = "diff \"${PODS_PODFILE_DIR_PATH}/Podfile.lock\" \"${PODS_ROOT}/Manifest.lock\" > /dev/null\nif [ $? != 0 ] ; then\n    # print error to STDERR\n    echo \"error: The sandbox is not in sync with the Podfile.lock. Run 'pod install' or update your CocoaPods installation.\" >&2\n    exit 1\nfi\n# This output is used by Xcode 'outputs' to avoid re-running this script phase.\necho \"SUCCESS\" > \"${SCRIPT_OUTPUT_FILE_0}\"\n";
			showEnvVarsInLog = 0;
		};
		F0C3E2B3F33A0D45FD4BDADD /* [CP] Embed Pods Frameworks */ = {
			isa = PBXShellScriptBuildPhase;
			buildActionMask = 2147483647;
			files = (
			);
			inputFileListPaths = (
				"${PODS_ROOT}/Target Support Files/Pods-JumioSwiftUI-JumioSwiftUIUITests/Pods-JumioSwiftUI-JumioSwiftUIUITests-frameworks-${CONFIGURATION}-input-files.xcfilelist",
			);
			name = "[CP] Embed Pods Frameworks";
			outputFileListPaths = (
				"${PODS_ROOT}/Target Support Files/Pods-JumioSwiftUI-JumioSwiftUIUITests/Pods-JumioSwiftUI-JumioSwiftUIUITests-frameworks-${CONFIGURATION}-output-files.xcfilelist",
			);
			runOnlyForDeploymentPostprocessing = 0;
			shellPath = /bin/sh;
			shellScript = "\"${PODS_ROOT}/Target Support Files/Pods-JumioSwiftUI-JumioSwiftUIUITests/Pods-JumioSwiftUI-JumioSwiftUIUITests-frameworks.sh\"\n";
			showEnvVarsInLog = 0;
		};
		F1CBF093AA49650BBFB737E5 /* [CP] Embed Pods Frameworks */ = {
			isa = PBXShellScriptBuildPhase;
			buildActionMask = 2147483647;
			files = (
			);
			inputFileListPaths = (
				"${PODS_ROOT}/Target Support Files/Pods-JumioSwiftUI/Pods-JumioSwiftUI-frameworks-${CONFIGURATION}-input-files.xcfilelist",
			);
			name = "[CP] Embed Pods Frameworks";
			outputFileListPaths = (
				"${PODS_ROOT}/Target Support Files/Pods-JumioSwiftUI/Pods-JumioSwiftUI-frameworks-${CONFIGURATION}-output-files.xcfilelist",
			);
			runOnlyForDeploymentPostprocessing = 0;
			shellPath = /bin/sh;
			shellScript = "\"${PODS_ROOT}/Target Support Files/Pods-JumioSwiftUI/Pods-JumioSwiftUI-frameworks.sh\"\n";
			showEnvVarsInLog = 0;
		};
/* End PBXShellScriptBuildPhase section */

/* Begin PBXSourcesBuildPhase section */
		2BCD2AF225EE90F60076B910 /* Sources */ = {
			isa = PBXSourcesBuildPhase;
			buildActionMask = 2147483647;
			files = (
				2BCD2AFC25EE90F60076B910 /* ContentView.swift in Sources */,
				2BCD2B3B25EE92440076B910 /* NetverifyView.swift in Sources */,
				2BCD2B2825EE91360076B910 /* JumioManager.swift in Sources */,
				2BCD2AFA25EE90F60076B910 /* JumioSwiftUIApp.swift in Sources */,
			);
			runOnlyForDeploymentPostprocessing = 0;
		};
		2BCD2B0325EE90F90076B910 /* Sources */ = {
			isa = PBXSourcesBuildPhase;
			buildActionMask = 2147483647;
			files = (
				2BCD2B0C25EE90F90076B910 /* JumioSwiftUITests.swift in Sources */,
			);
			runOnlyForDeploymentPostprocessing = 0;
		};
		2BCD2B0E25EE90F90076B910 /* Sources */ = {
			isa = PBXSourcesBuildPhase;
			buildActionMask = 2147483647;
			files = (
				2BCD2B1725EE90F90076B910 /* JumioSwiftUIUITests.swift in Sources */,
			);
			runOnlyForDeploymentPostprocessing = 0;
		};
/* End PBXSourcesBuildPhase section */

/* Begin PBXTargetDependency section */
		2BCD2B0925EE90F90076B910 /* PBXTargetDependency */ = {
			isa = PBXTargetDependency;
			target = 2BCD2AF525EE90F60076B910 /* JumioSwiftUI */;
			targetProxy = 2BCD2B0825EE90F90076B910 /* PBXContainerItemProxy */;
		};
		2BCD2B1425EE90F90076B910 /* PBXTargetDependency */ = {
			isa = PBXTargetDependency;
			target = 2BCD2AF525EE90F60076B910 /* JumioSwiftUI */;
			targetProxy = 2BCD2B1325EE90F90076B910 /* PBXContainerItemProxy */;
		};
/* End PBXTargetDependency section */

/* Begin PBXVariantGroup section */
		2BCD2B4925EE949A0076B910 /* Localizable-Netverify.strings */ = {
			isa = PBXVariantGroup;
			children = (
				2BCD2B4825EE949A0076B910 /* en */,
			);
			name = "Localizable-Netverify.strings";
			sourceTree = "<group>";
		};
/* End PBXVariantGroup section */

/* Begin XCBuildConfiguration section */
		2BCD2B1925EE90F90076B910 /* Debug */ = {
			isa = XCBuildConfiguration;
			buildSettings = {
				ALWAYS_SEARCH_USER_PATHS = NO;
				CLANG_ANALYZER_NONNULL = YES;
				CLANG_ANALYZER_NUMBER_OBJECT_CONVERSION = YES_AGGRESSIVE;
				CLANG_CXX_LANGUAGE_STANDARD = "gnu++14";
				CLANG_CXX_LIBRARY = "libc++";
				CLANG_ENABLE_MODULES = YES;
				CLANG_ENABLE_OBJC_ARC = YES;
				CLANG_ENABLE_OBJC_WEAK = YES;
				CLANG_WARN_BLOCK_CAPTURE_AUTORELEASING = YES;
				CLANG_WARN_BOOL_CONVERSION = YES;
				CLANG_WARN_COMMA = YES;
				CLANG_WARN_CONSTANT_CONVERSION = YES;
				CLANG_WARN_DEPRECATED_OBJC_IMPLEMENTATIONS = YES;
				CLANG_WARN_DIRECT_OBJC_ISA_USAGE = YES_ERROR;
				CLANG_WARN_DOCUMENTATION_COMMENTS = YES;
				CLANG_WARN_EMPTY_BODY = YES;
				CLANG_WARN_ENUM_CONVERSION = YES;
				CLANG_WARN_INFINITE_RECURSION = YES;
				CLANG_WARN_INT_CONVERSION = YES;
				CLANG_WARN_NON_LITERAL_NULL_CONVERSION = YES;
				CLANG_WARN_OBJC_IMPLICIT_RETAIN_SELF = YES;
				CLANG_WARN_OBJC_LITERAL_CONVERSION = YES;
				CLANG_WARN_OBJC_ROOT_CLASS = YES_ERROR;
				CLANG_WARN_QUOTED_INCLUDE_IN_FRAMEWORK_HEADER = YES;
				CLANG_WARN_RANGE_LOOP_ANALYSIS = YES;
				CLANG_WARN_STRICT_PROTOTYPES = YES;
				CLANG_WARN_SUSPICIOUS_MOVE = YES;
				CLANG_WARN_UNGUARDED_AVAILABILITY = YES_AGGRESSIVE;
				CLANG_WARN_UNREACHABLE_CODE = YES;
				CLANG_WARN__DUPLICATE_METHOD_MATCH = YES;
				COPY_PHASE_STRIP = NO;
				DEBUG_INFORMATION_FORMAT = dwarf;
				ENABLE_STRICT_OBJC_MSGSEND = YES;
				ENABLE_TESTABILITY = YES;
				GCC_C_LANGUAGE_STANDARD = gnu11;
				GCC_DYNAMIC_NO_PIC = NO;
				GCC_NO_COMMON_BLOCKS = YES;
				GCC_OPTIMIZATION_LEVEL = 0;
				GCC_PREPROCESSOR_DEFINITIONS = (
					"DEBUG=1",
					"$(inherited)",
				);
				GCC_WARN_64_TO_32_BIT_CONVERSION = YES;
				GCC_WARN_ABOUT_RETURN_TYPE = YES_ERROR;
				GCC_WARN_UNDECLARED_SELECTOR = YES;
				GCC_WARN_UNINITIALIZED_AUTOS = YES_AGGRESSIVE;
				GCC_WARN_UNUSED_FUNCTION = YES;
				GCC_WARN_UNUSED_VARIABLE = YES;
				IPHONEOS_DEPLOYMENT_TARGET = 14.4;
				MTL_ENABLE_DEBUG_INFO = INCLUDE_SOURCE;
				MTL_FAST_MATH = YES;
				ONLY_ACTIVE_ARCH = YES;
				SDKROOT = iphoneos;
				SWIFT_ACTIVE_COMPILATION_CONDITIONS = DEBUG;
				SWIFT_OPTIMIZATION_LEVEL = "-Onone";
			};
			name = Debug;
		};
		2BCD2B1A25EE90F90076B910 /* Release */ = {
			isa = XCBuildConfiguration;
			buildSettings = {
				ALWAYS_SEARCH_USER_PATHS = NO;
				CLANG_ANALYZER_NONNULL = YES;
				CLANG_ANALYZER_NUMBER_OBJECT_CONVERSION = YES_AGGRESSIVE;
				CLANG_CXX_LANGUAGE_STANDARD = "gnu++14";
				CLANG_CXX_LIBRARY = "libc++";
				CLANG_ENABLE_MODULES = YES;
				CLANG_ENABLE_OBJC_ARC = YES;
				CLANG_ENABLE_OBJC_WEAK = YES;
				CLANG_WARN_BLOCK_CAPTURE_AUTORELEASING = YES;
				CLANG_WARN_BOOL_CONVERSION = YES;
				CLANG_WARN_COMMA = YES;
				CLANG_WARN_CONSTANT_CONVERSION = YES;
				CLANG_WARN_DEPRECATED_OBJC_IMPLEMENTATIONS = YES;
				CLANG_WARN_DIRECT_OBJC_ISA_USAGE = YES_ERROR;
				CLANG_WARN_DOCUMENTATION_COMMENTS = YES;
				CLANG_WARN_EMPTY_BODY = YES;
				CLANG_WARN_ENUM_CONVERSION = YES;
				CLANG_WARN_INFINITE_RECURSION = YES;
				CLANG_WARN_INT_CONVERSION = YES;
				CLANG_WARN_NON_LITERAL_NULL_CONVERSION = YES;
				CLANG_WARN_OBJC_IMPLICIT_RETAIN_SELF = YES;
				CLANG_WARN_OBJC_LITERAL_CONVERSION = YES;
				CLANG_WARN_OBJC_ROOT_CLASS = YES_ERROR;
				CLANG_WARN_QUOTED_INCLUDE_IN_FRAMEWORK_HEADER = YES;
				CLANG_WARN_RANGE_LOOP_ANALYSIS = YES;
				CLANG_WARN_STRICT_PROTOTYPES = YES;
				CLANG_WARN_SUSPICIOUS_MOVE = YES;
				CLANG_WARN_UNGUARDED_AVAILABILITY = YES_AGGRESSIVE;
				CLANG_WARN_UNREACHABLE_CODE = YES;
				CLANG_WARN__DUPLICATE_METHOD_MATCH = YES;
				COPY_PHASE_STRIP = NO;
				DEBUG_INFORMATION_FORMAT = "dwarf-with-dsym";
				ENABLE_NS_ASSERTIONS = NO;
				ENABLE_STRICT_OBJC_MSGSEND = YES;
				GCC_C_LANGUAGE_STANDARD = gnu11;
				GCC_NO_COMMON_BLOCKS = YES;
				GCC_WARN_64_TO_32_BIT_CONVERSION = YES;
				GCC_WARN_ABOUT_RETURN_TYPE = YES_ERROR;
				GCC_WARN_UNDECLARED_SELECTOR = YES;
				GCC_WARN_UNINITIALIZED_AUTOS = YES_AGGRESSIVE;
				GCC_WARN_UNUSED_FUNCTION = YES;
				GCC_WARN_UNUSED_VARIABLE = YES;
				IPHONEOS_DEPLOYMENT_TARGET = 14.4;
				MTL_ENABLE_DEBUG_INFO = NO;
				MTL_FAST_MATH = YES;
				SDKROOT = iphoneos;
				SWIFT_COMPILATION_MODE = wholemodule;
				SWIFT_OPTIMIZATION_LEVEL = "-O";
				VALIDATE_PRODUCT = YES;
			};
			name = Release;
		};
		2BCD2B1C25EE90F90076B910 /* Debug */ = {
			isa = XCBuildConfiguration;
			baseConfigurationReference = E5FBAE1843537DD2222017B8 /* Pods-JumioSwiftUI.debug.xcconfig */;
			buildSettings = {
				ASSETCATALOG_COMPILER_APPICON_NAME = AppIcon;
				ASSETCATALOG_COMPILER_GLOBAL_ACCENT_COLOR_NAME = AccentColor;
				CODE_SIGN_STYLE = Automatic;
				DEVELOPMENT_ASSET_PATHS = "\"JumioSwiftUI/Preview Content\"";
				DEVELOPMENT_TEAM = PXFJ8P7722;
				ENABLE_PREVIEWS = YES;
				INFOPLIST_FILE = JumioSwiftUI/Info.plist;
				IPHONEOS_DEPLOYMENT_TARGET = 14.0;
				LD_RUNPATH_SEARCH_PATHS = (
					"$(inherited)",
					"@executable_path/Frameworks",
				);
				PRODUCT_BUNDLE_IDENTIFIER = jumio.swiftui.test.JumioSwiftUI;
				PRODUCT_NAME = "$(TARGET_NAME)";
				SWIFT_VERSION = 5.0;
				TARGETED_DEVICE_FAMILY = "1,2";
			};
			name = Debug;
		};
		2BCD2B1D25EE90F90076B910 /* Release */ = {
			isa = XCBuildConfiguration;
			baseConfigurationReference = 76418EFFC3EFDE001861518C /* Pods-JumioSwiftUI.release.xcconfig */;
			buildSettings = {
				ASSETCATALOG_COMPILER_APPICON_NAME = AppIcon;
				ASSETCATALOG_COMPILER_GLOBAL_ACCENT_COLOR_NAME = AccentColor;
				CODE_SIGN_STYLE = Automatic;
				DEVELOPMENT_ASSET_PATHS = "\"JumioSwiftUI/Preview Content\"";
				DEVELOPMENT_TEAM = PXFJ8P7722;
				ENABLE_PREVIEWS = YES;
				INFOPLIST_FILE = JumioSwiftUI/Info.plist;
				IPHONEOS_DEPLOYMENT_TARGET = 14.0;
				LD_RUNPATH_SEARCH_PATHS = (
					"$(inherited)",
					"@executable_path/Frameworks",
				);
				PRODUCT_BUNDLE_IDENTIFIER = jumio.swiftui.test.JumioSwiftUI;
				PRODUCT_NAME = "$(TARGET_NAME)";
				SWIFT_VERSION = 5.0;
				TARGETED_DEVICE_FAMILY = "1,2";
			};
			name = Release;
		};
		2BCD2B1F25EE90F90076B910 /* Debug */ = {
			isa = XCBuildConfiguration;
			baseConfigurationReference = 98F04C9590F5C5C7FCE3413F /* Pods-JumioSwiftUITests.debug.xcconfig */;
			buildSettings = {
				ALWAYS_EMBED_SWIFT_STANDARD_LIBRARIES = YES;
				BUNDLE_LOADER = "$(TEST_HOST)";
				CODE_SIGN_STYLE = Automatic;
				DEVELOPMENT_TEAM = PXFJ8P7722;
				INFOPLIST_FILE = JumioSwiftUITests/Info.plist;
				IPHONEOS_DEPLOYMENT_TARGET = 14.0;
				LD_RUNPATH_SEARCH_PATHS = (
					"$(inherited)",
					"@executable_path/Frameworks",
					"@loader_path/Frameworks",
				);
				PRODUCT_BUNDLE_IDENTIFIER = jumio.swiftui.test.JumioSwiftUITests;
				PRODUCT_NAME = "$(TARGET_NAME)";
				SWIFT_VERSION = 5.0;
				TARGETED_DEVICE_FAMILY = "1,2";
				TEST_HOST = "$(BUILT_PRODUCTS_DIR)/JumioSwiftUI.app/JumioSwiftUI";
			};
			name = Debug;
		};
		2BCD2B2025EE90F90076B910 /* Release */ = {
			isa = XCBuildConfiguration;
			baseConfigurationReference = EE76F97F12E0C9FC83A00BE3 /* Pods-JumioSwiftUITests.release.xcconfig */;
			buildSettings = {
				ALWAYS_EMBED_SWIFT_STANDARD_LIBRARIES = YES;
				BUNDLE_LOADER = "$(TEST_HOST)";
				CODE_SIGN_STYLE = Automatic;
				DEVELOPMENT_TEAM = PXFJ8P7722;
				INFOPLIST_FILE = JumioSwiftUITests/Info.plist;
				IPHONEOS_DEPLOYMENT_TARGET = 14.0;
				LD_RUNPATH_SEARCH_PATHS = (
					"$(inherited)",
					"@executable_path/Frameworks",
					"@loader_path/Frameworks",
				);
				PRODUCT_BUNDLE_IDENTIFIER = jumio.swiftui.test.JumioSwiftUITests;
				PRODUCT_NAME = "$(TARGET_NAME)";
				SWIFT_VERSION = 5.0;
				TARGETED_DEVICE_FAMILY = "1,2";
				TEST_HOST = "$(BUILT_PRODUCTS_DIR)/JumioSwiftUI.app/JumioSwiftUI";
			};
			name = Release;
		};
		2BCD2B2225EE90F90076B910 /* Debug */ = {
			isa = XCBuildConfiguration;
			baseConfigurationReference = B6281510698F0EA1B5860DDE /* Pods-JumioSwiftUI-JumioSwiftUIUITests.debug.xcconfig */;
			buildSettings = {
				ALWAYS_EMBED_SWIFT_STANDARD_LIBRARIES = YES;
				CODE_SIGN_STYLE = Automatic;
				DEVELOPMENT_TEAM = PXFJ8P7722;
				INFOPLIST_FILE = JumioSwiftUIUITests/Info.plist;
				LD_RUNPATH_SEARCH_PATHS = (
					"$(inherited)",
					"@executable_path/Frameworks",
					"@loader_path/Frameworks",
				);
				PRODUCT_BUNDLE_IDENTIFIER = jumio.swiftui.test.JumioSwiftUIUITests;
				PRODUCT_NAME = "$(TARGET_NAME)";
				SWIFT_VERSION = 5.0;
				TARGETED_DEVICE_FAMILY = "1,2";
				TEST_TARGET_NAME = JumioSwiftUI;
			};
			name = Debug;
		};
		2BCD2B2325EE90F90076B910 /* Release */ = {
			isa = XCBuildConfiguration;
			baseConfigurationReference = CBC43EA06605F179023488B7 /* Pods-JumioSwiftUI-JumioSwiftUIUITests.release.xcconfig */;
			buildSettings = {
				ALWAYS_EMBED_SWIFT_STANDARD_LIBRARIES = YES;
				CODE_SIGN_STYLE = Automatic;
				DEVELOPMENT_TEAM = PXFJ8P7722;
				INFOPLIST_FILE = JumioSwiftUIUITests/Info.plist;
				LD_RUNPATH_SEARCH_PATHS = (
					"$(inherited)",
					"@executable_path/Frameworks",
					"@loader_path/Frameworks",
				);
				PRODUCT_BUNDLE_IDENTIFIER = jumio.swiftui.test.JumioSwiftUIUITests;
				PRODUCT_NAME = "$(TARGET_NAME)";
				SWIFT_VERSION = 5.0;
				TARGETED_DEVICE_FAMILY = "1,2";
				TEST_TARGET_NAME = JumioSwiftUI;
			};
			name = Release;
		};
/* End XCBuildConfiguration section */

/* Begin XCConfigurationList section */
		2BCD2AF125EE90F60076B910 /* Build configuration list for PBXProject "JumioSwiftUI" */ = {
			isa = XCConfigurationList;
			buildConfigurations = (
				2BCD2B1925EE90F90076B910 /* Debug */,
				2BCD2B1A25EE90F90076B910 /* Release */,
			);
			defaultConfigurationIsVisible = 0;
			defaultConfigurationName = Release;
		};
		2BCD2B1B25EE90F90076B910 /* Build configuration list for PBXNativeTarget "JumioSwiftUI" */ = {
			isa = XCConfigurationList;
			buildConfigurations = (
				2BCD2B1C25EE90F90076B910 /* Debug */,
				2BCD2B1D25EE90F90076B910 /* Release */,
			);
			defaultConfigurationIsVisible = 0;
			defaultConfigurationName = Release;
		};
		2BCD2B1E25EE90F90076B910 /* Build configuration list for PBXNativeTarget "JumioSwiftUITests" */ = {
			isa = XCConfigurationList;
			buildConfigurations = (
				2BCD2B1F25EE90F90076B910 /* Debug */,
				2BCD2B2025EE90F90076B910 /* Release */,
			);
			defaultConfigurationIsVisible = 0;
			defaultConfigurationName = Release;
		};
		2BCD2B2125EE90F90076B910 /* Build configuration list for PBXNativeTarget "JumioSwiftUIUITests" */ = {
			isa = XCConfigurationList;
			buildConfigurations = (
				2BCD2B2225EE90F90076B910 /* Debug */,
				2BCD2B2325EE90F90076B910 /* Release */,
			);
			defaultConfigurationIsVisible = 0;
			defaultConfigurationName = Release;
		};
/* End XCConfigurationList section */
	};
	rootObject = 2BCD2AEE25EE90F60076B910 /* Project object */;
}
